// !$*UTF8*$!
{
	archiveVersion = 1;
	classes = {
	};
	objectVersion = 77;
	objects = {

/* Begin PBXContainerItemProxy section */
		531AFED92CE7A4FB00D37587 /* PBXContainerItemProxy */ = {
			isa = PBXContainerItemProxy;
			containerPortal = 531AFEBA2CE7A4F900D37587 /* Project object */;
			proxyType = 1;
			remoteGlobalIDString = 531AFEC12CE7A4F900D37587;
			remoteInfo = AnimePage;
		};
		531AFEE32CE7A4FB00D37587 /* PBXContainerItemProxy */ = {
			isa = PBXContainerItemProxy;
			containerPortal = 531AFEBA2CE7A4F900D37587 /* Project object */;
			proxyType = 1;
			remoteGlobalIDString = 531AFEC12CE7A4F900D37587;
			remoteInfo = AnimePage;
		};
/* End PBXContainerItemProxy section */

/* Begin PBXFileReference section */
		531AFEC22CE7A4F900D37587 /* AnimePage.app */ = {isa = PBXFileReference; explicitFileType = wrapper.application; includeInIndex = 0; path = AnimePage.app; sourceTree = BUILT_PRODUCTS_DIR; };
		531AFED82CE7A4FB00D37587 /* AnimePageTests.xctest */ = {isa = PBXFileReference; explicitFileType = wrapper.cfbundle; includeInIndex = 0; path = AnimePageTests.xctest; sourceTree = BUILT_PRODUCTS_DIR; };
		531AFEE22CE7A4FB00D37587 /* AnimePageUITests.xctest */ = {isa = PBXFileReference; explicitFileType = wrapper.cfbundle; includeInIndex = 0; path = AnimePageUITests.xctest; sourceTree = BUILT_PRODUCTS_DIR; };
/* End PBXFileReference section */

/* Begin PBXFileSystemSynchronizedBuildFileExceptionSet section */
		531AFEEA2CE7A4FB00D37587 /* Exceptions for "AnimePage" folder in "AnimePage" target */ = {
			isa = PBXFileSystemSynchronizedBuildFileExceptionSet;
			membershipExceptions = (
				Info.plist,
			);
			target = 531AFEC12CE7A4F900D37587 /* AnimePage */;
		};
/* End PBXFileSystemSynchronizedBuildFileExceptionSet section */

/* Begin PBXFileSystemSynchronizedRootGroup section */
		531AFEC42CE7A4F900D37587 /* AnimePage */ = {
			isa = PBXFileSystemSynchronizedRootGroup;
			exceptions = (
				531AFEEA2CE7A4FB00D37587 /* Exceptions for "AnimePage" folder in "AnimePage" target */,
			);
			path = AnimePage;
			sourceTree = "<group>";
		};
		531AFEDB2CE7A4FB00D37587 /* AnimePageTests */ = {
			isa = PBXFileSystemSynchronizedRootGroup;
			path = AnimePageTests;
			sourceTree = "<group>";
		};
		531AFEE52CE7A4FB00D37587 /* AnimePageUITests */ = {
			isa = PBXFileSystemSynchronizedRootGroup;
			path = AnimePageUITests;
			sourceTree = "<group>";
		};
/* End PBXFileSystemSynchronizedRootGroup section */

/* Begin PBXFrameworksBuildPhase section */
		531AFEBF2CE7A4F900D37587 /* Frameworks */ = {
			isa = PBXFrameworksBuildPhase;
			buildActionMask = 2147483647;
			files = (
			);
			runOnlyForDeploymentPostprocessing = 0;
		};
		531AFED52CE7A4FB00D37587 /* Frameworks */ = {
			isa = PBXFrameworksBuildPhase;
			buildActionMask = 2147483647;
			files = (
			);
			runOnlyForDeploymentPostprocessing = 0;
		};
		531AFEDF2CE7A4FB00D37587 /* Frameworks */ = {
			isa = PBXFrameworksBuildPhase;
			buildActionMask = 2147483647;
			files = (
			);
			runOnlyForDeploymentPostprocessing = 0;
		};
/* End PBXFrameworksBuildPhase section */

/* Begin PBXGroup section */
		531AFEB92CE7A4F900D37587 = {
			isa = PBXGroup;
			children = (
				531AFEC42CE7A4F900D37587 /* AnimePage */,
				531AFEDB2CE7A4FB00D37587 /* AnimePageTests */,
				531AFEE52CE7A4FB00D37587 /* AnimePageUITests */,
				531AFEC32CE7A4F900D37587 /* Products */,
			);
			sourceTree = "<group>";
		};
		531AFEC32CE7A4F900D37587 /* Products */ = {
			isa = PBXGroup;
			children = (
				531AFEC22CE7A4F900D37587 /* AnimePage.app */,
				531AFED82CE7A4FB00D37587 /* AnimePageTests.xctest */,
				531AFEE22CE7A4FB00D37587 /* AnimePageUITests.xctest */,
			);
			name = Products;
			sourceTree = "<group>";
		};
/* End PBXGroup section */

/* Begin PBXNativeTarget section */
		531AFEC12CE7A4F900D37587 /* AnimePage */ = {
			isa = PBXNativeTarget;
			buildConfigurationList = 531AFEEB2CE7A4FB00D37587 /* Build configuration list for PBXNativeTarget "AnimePage" */;
			buildPhases = (
				531AFEBE2CE7A4F900D37587 /* Sources */,
				531AFEBF2CE7A4F900D37587 /* Frameworks */,
				531AFEC02CE7A4F900D37587 /* Resources */,
			);
			buildRules = (
			);
			dependencies = (
			);
			fileSystemSynchronizedGroups = (
				531AFEC42CE7A4F900D37587 /* AnimePage */,
			);
			name = AnimePage;
			packageProductDependencies = (
			);
			productName = AnimePage;
			productReference = 531AFEC22CE7A4F900D37587 /* AnimePage.app */;
			productType = "com.apple.product-type.application";
		};
		531AFED72CE7A4FB00D37587 /* AnimePageTests */ = {
			isa = PBXNativeTarget;
			buildConfigurationList = 531AFEF02CE7A4FB00D37587 /* Build configuration list for PBXNativeTarget "AnimePageTests" */;
			buildPhases = (
				531AFED42CE7A4FB00D37587 /* Sources */,
				531AFED52CE7A4FB00D37587 /* Frameworks */,
				531AFED62CE7A4FB00D37587 /* Resources */,
			);
			buildRules = (
			);
			dependencies = (
				531AFEDA2CE7A4FB00D37587 /* PBXTargetDependency */,
			);
			fileSystemSynchronizedGroups = (
				531AFEDB2CE7A4FB00D37587 /* AnimePageTests */,
			);
			name = AnimePageTests;
			packageProductDependencies = (
			);
			productName = AnimePageTests;
			productReference = 531AFED82CE7A4FB00D37587 /* AnimePageTests.xctest */;
			productType = "com.apple.product-type.bundle.unit-test";
		};
		531AFEE12CE7A4FB00D37587 /* AnimePageUITests */ = {
			isa = PBXNativeTarget;
			buildConfigurationList = 531AFEF32CE7A4FB00D37587 /* Build configuration list for PBXNativeTarget "AnimePageUITests" */;
			buildPhases = (
				531AFEDE2CE7A4FB00D37587 /* Sources */,
				531AFEDF2CE7A4FB00D37587 /* Frameworks */,
				531AFEE02CE7A4FB00D37587 /* Resources */,
			);
			buildRules = (
			);
			dependencies = (
				531AFEE42CE7A4FB00D37587 /* PBXTargetDependency */,
			);
			fileSystemSynchronizedGroups = (
				531AFEE52CE7A4FB00D37587 /* AnimePageUITests */,
			);
			name = AnimePageUITests;
			packageProductDependencies = (
			);
			productName = AnimePageUITests;
			productReference = 531AFEE22CE7A4FB00D37587 /* AnimePageUITests.xctest */;
			productType = "com.apple.product-type.bundle.ui-testing";
		};
/* End PBXNativeTarget section */

/* Begin PBXProject section */
		531AFEBA2CE7A4F900D37587 /* Project object */ = {
			isa = PBXProject;
			attributes = {
				BuildIndependentTargetsInParallel = 1;
				LastSwiftUpdateCheck = 1600;
				LastUpgradeCheck = 1600;
				TargetAttributes = {
					531AFEC12CE7A4F900D37587 = {
						CreatedOnToolsVersion = 16.0;
					};
					531AFED72CE7A4FB00D37587 = {
						CreatedOnToolsVersion = 16.0;
						TestTargetID = 531AFEC12CE7A4F900D37587;
					};
					531AFEE12CE7A4FB00D37587 = {
						CreatedOnToolsVersion = 16.0;
						TestTargetID = 531AFEC12CE7A4F900D37587;
					};
				};
			};
			buildConfigurationList = 531AFEBD2CE7A4F900D37587 /* Build configuration list for PBXProject "AnimePage" */;
			developmentRegion = en;
			hasScannedForEncodings = 0;
			knownRegions = (
				en,
				Base,
			);
			mainGroup = 531AFEB92CE7A4F900D37587;
			minimizedProjectReferenceProxies = 1;
			preferredProjectObjectVersion = 77;
			productRefGroup = 531AFEC32CE7A4F900D37587 /* Products */;
			projectDirPath = "";
			projectRoot = "";
			targets = (
				531AFEC12CE7A4F900D37587 /* AnimePage */,
				531AFED72CE7A4FB00D37587 /* AnimePageTests */,
				531AFEE12CE7A4FB00D37587 /* AnimePageUITests */,
			);
		};
/* End PBXProject section */

/* Begin PBXResourcesBuildPhase section */
		531AFEC02CE7A4F900D37587 /* Resources */ = {
			isa = PBXResourcesBuildPhase;
			buildActionMask = 2147483647;
			files = (
			);
			runOnlyForDeploymentPostprocessing = 0;
		};
		531AFED62CE7A4FB00D37587 /* Resources */ = {
			isa = PBXResourcesBuildPhase;
			buildActionMask = 2147483647;
			files = (
			);
			runOnlyForDeploymentPostprocessing = 0;
		};
		531AFEE02CE7A4FB00D37587 /* Resources */ = {
			isa = PBXResourcesBuildPhase;
			buildActionMask = 2147483647;
			files = (
			);
			runOnlyForDeploymentPostprocessing = 0;
		};
/* End PBXResourcesBuildPhase section */

/* Begin PBXSourcesBuildPhase section */
		531AFEBE2CE7A4F900D37587 /* Sources */ = {
			isa = PBXSourcesBuildPhase;
			buildActionMask = 2147483647;
			files = (
			);
			runOnlyForDeploymentPostprocessing = 0;
		};
		531AFED42CE7A4FB00D37587 /* Sources */ = {
			isa = PBXSourcesBuildPhase;
			buildActionMask = 2147483647;
			files = (
			);
			runOnlyForDeploymentPostprocessing = 0;
		};
		531AFEDE2CE7A4FB00D37587 /* Sources */ = {
			isa = PBXSourcesBuildPhase;
			buildActionMask = 2147483647;
			files = (
			);
			runOnlyForDeploymentPostprocessing = 0;
		};
/* End PBXSourcesBuildPhase section */

/* Begin PBXTargetDependency section */
		531AFEDA2CE7A4FB00D37587 /* PBXTargetDependency */ = {
			isa = PBXTargetDependency;
			target = 531AFEC12CE7A4F900D37587 /* AnimePage */;
			targetProxy = 531AFED92CE7A4FB00D37587 /* PBXContainerItemProxy */;
		};
		531AFEE42CE7A4FB00D37587 /* PBXTargetDependency */ = {
			isa = PBXTargetDependency;
			target = 531AFEC12CE7A4F900D37587 /* AnimePage */;
			targetProxy = 531AFEE32CE7A4FB00D37587 /* PBXContainerItemProxy */;
		};
/* End PBXTargetDependency section */

/* Begin XCBuildConfiguration section */
		531AFEEC2CE7A4FB00D37587 /* Debug */ = {
			isa = XCBuildConfiguration;
			buildSettings = {
				ASSETCATALOG_COMPILER_APPICON_NAME = AppIcon;
				ASSETCATALOG_COMPILER_GLOBAL_ACCENT_COLOR_NAME = AccentColor;
				CODE_SIGN_STYLE = Automatic;
				CURRENT_PROJECT_VERSION = 1;
				GENERATE_INFOPLIST_FILE = YES;
				INFOPLIST_FILE = AnimePage/Info.plist;
				INFOPLIST_KEY_UIApplicationSupportsIndirectInputEvents = YES;
				INFOPLIST_KEY_UILaunchStoryboardName = LaunchScreen;
				INFOPLIST_KEY_UIMainStoryboardFile = Main;
				INFOPLIST_KEY_UISupportedInterfaceOrientations_iPad = "UIInterfaceOrientationPortrait UIInterfaceOrientationPortraitUpsideDown UIInterfaceOrientationLandscapeLeft UIInterfaceOrientationLandscapeRight";
				INFOPLIST_KEY_UISupportedInterfaceOrientations_iPhone = "UIInterfaceOrientationPortrait UIInterfaceOrientationLandscapeLeft UIInterfaceOrientationLandscapeRight";
				LD_RUNPATH_SEARCH_PATHS = (
					"$(inherited)",
					"@executable_path/Frameworks",
				);
				MARKETING_VERSION = 1.0;
				PRODUCT_BUNDLE_IDENTIFIER = com.hello.AnimePage;
				PRODUCT_NAME = "$(TARGET_NAME)";
				SWIFT_EMIT_LOC_STRINGS = YES;
				SWIFT_VERSION = 5.0;
				TARGETED_DEVICE_FAMILY = "1,2";
			};
			name = Debug;
		};
		531AFEED2CE7A4FB00D37587 /* Release */ = {
			isa = XCBuildConfiguration;
			buildSettings = {
				ASSETCATALOG_COMPILER_APPICON_NAME = AppIcon;
				ASSETCATALOG_COMPILER_GLOBAL_ACCENT_COLOR_NAME = AccentColor;
				CODE_SIGN_STYLE = Automatic;
				CURRENT_PROJECT_VERSION = 1;
				GENERATE_INFOPLIST_FILE = YES;
				INFOPLIST_FILE = AnimePage/Info.plist;
				INFOPLIST_KEY_UIApplicationSupportsIndirectInputEvents = YES;
				INFOPLIST_KEY_UILaunchStoryboardName = LaunchScreen;
				INFOPLIST_KEY_UIMainStoryboardFile = Main;
				INFOPLIST_KEY_UISupportedInterfaceOrientations_iPad = "UIInterfaceOrientationPortrait UIInterfaceOrientationPortraitUpsideDown UIInterfaceOrientationLandscapeLeft UIInterfaceOrientationLandscapeRight";
				INFOPLIST_KEY_UISupportedInterfaceOrientations_iPhone = "UIInterfaceOrientationPortrait UIInterfaceOrientationLandscapeLeft UIInterfaceOrientationLandscapeRight";
				LD_RUNPATH_SEARCH_PATHS = (
					"$(inherited)",
					"@executable_path/Frameworks",
				);
				MARKETING_VERSION = 1.0;
				PRODUCT_BUNDLE_IDENTIFIER = com.hello.AnimePage;
				PRODUCT_NAME = "$(TARGET_NAME)";
				SWIFT_EMIT_LOC_STRINGS = YES;
				SWIFT_VERSION = 5.0;
				TARGETED_DEVICE_FAMILY = "1,2";
			};
			name = Release;
		};
		531AFEEE2CE7A4FB00D37587 /* Debug */ = {
			isa = XCBuildConfiguration;
			buildSettings = {
				ALWAYS_SEARCH_USER_PATHS = NO;
				ASSETCATALOG_COMPILER_GENERATE_SWIFT_ASSET_SYMBOL_EXTENSIONS = YES;
				CLANG_ANALYZER_NONNULL = YES;
				CLANG_ANALYZER_NUMBER_OBJECT_CONVERSION = YES_AGGRESSIVE;
				CLANG_CXX_LANGUAGE_STANDARD = "gnu++20";
				CLANG_ENABLE_MODULES = YES;
				CLANG_ENABLE_OBJC_ARC = YES;
				CLANG_ENABLE_OBJC_WEAK = YES;
				CLANG_WARN_BLOCK_CAPTURE_AUTORELEASING = YES;
				CLANG_WARN_BOOL_CONVERSION = YES;
				CLANG_WARN_COMMA = YES;
				CLANG_WARN_CONSTANT_CONVERSION = YES;
				CLANG_WARN_DEPRECATED_OBJC_IMPLEMENTATIONS = YES;
				CLANG_WARN_DIRECT_OBJC_ISA_USAGE = YES_ERROR;
				CLANG_WARN_DOCUMENTATION_COMMENTS = YES;
				CLANG_WARN_EMPTY_BODY = YES;
				CLANG_WARN_ENUM_CONVERSION = YES;
				CLANG_WARN_INFINITE_RECURSION = YES;
				CLANG_WARN_INT_CONVERSION = YES;
				CLANG_WARN_NON_LITERAL_NULL_CONVERSION = YES;
				CLANG_WARN_OBJC_IMPLICIT_RETAIN_SELF = YES;
				CLANG_WARN_OBJC_LITERAL_CONVERSION = YES;
				CLANG_WARN_OBJC_ROOT_CLASS = YES_ERROR;
				CLANG_WARN_QUOTED_INCLUDE_IN_FRAMEWORK_HEADER = YES;
				CLANG_WARN_RANGE_LOOP_ANALYSIS = YES;
				CLANG_WARN_STRICT_PROTOTYPES = YES;
				CLANG_WARN_SUSPICIOUS_MOVE = YES;
				CLANG_WARN_UNGUARDED_AVAILABILITY = YES_AGGRESSIVE;
				CLANG_WARN_UNREACHABLE_CODE = YES;
				CLANG_WARN__DUPLICATE_METHOD_MATCH = YES;
				COPY_PHASE_STRIP = NO;
				DEBUG_INFORMATION_FORMAT = dwarf;
				ENABLE_STRICT_OBJC_MSGSEND = YES;
				ENABLE_TESTABILITY = YES;
				ENABLE_USER_SCRIPT_SANDBOXING = YES;
				GCC_C_LANGUAGE_STANDARD = gnu17;
				GCC_DYNAMIC_NO_PIC = NO;
				GCC_NO_COMMON_BLOCKS = YES;
				GCC_OPTIMIZATION_LEVEL = 0;
				GCC_PREPROCESSOR_DEFINITIONS = (
					"DEBUG=1",
					"$(inherited)",
				);
				GCC_WARN_64_TO_32_BIT_CONVERSION = YES;
				GCC_WARN_ABOUT_RETURN_TYPE = YES_ERROR;
				GCC_WARN_UNDECLARED_SELECTOR = YES;
				GCC_WARN_UNINITIALIZED_AUTOS = YES_AGGRESSIVE;
				GCC_WARN_UNUSED_FUNCTION = YES;
				GCC_WARN_UNUSED_VARIABLE = YES;
				IPHONEOS_DEPLOYMENT_TARGET = 18.0;
				LOCALIZATION_PREFERS_STRING_CATALOGS = YES;
				MTL_ENABLE_DEBUG_INFO = INCLUDE_SOURCE;
				MTL_FAST_MATH = YES;
				ONLY_ACTIVE_ARCH = YES;
				SDKROOT = iphoneos;
				SWIFT_ACTIVE_COMPILATION_CONDITIONS = "DEBUG $(inherited)";
				SWIFT_OPTIMIZATION_LEVEL = "-Onone";
			};
			name = Debug;
		};
		531AFEEF2CE7A4FB00D37587 /* Release */ = {
			isa = XCBuildConfiguration;
			buildSettings = {
				ALWAYS_SEARCH_USER_PATHS = NO;
				ASSETCATALOG_COMPILER_GENERATE_SWIFT_ASSET_SYMBOL_EXTENSIONS = YES;
				CLANG_ANALYZER_NONNULL = YES;
				CLANG_ANALYZER_NUMBER_OBJECT_CONVERSION = YES_AGGRESSIVE;
				CLANG_CXX_LANGUAGE_STANDARD = "gnu++20";
				CLANG_ENABLE_MODULES = YES;
				CLANG_ENABLE_OBJC_ARC = YES;
				CLANG_ENABLE_OBJC_WEAK = YES;
				CLANG_WARN_BLOCK_CAPTURE_AUTORELEASING = YES;
				CLANG_WARN_BOOL_CONVERSION = YES;
				CLANG_WARN_COMMA = YES;
				CLANG_WARN_CONSTANT_CONVERSION = YES;
				CLANG_WARN_DEPRECATED_OBJC_IMPLEMENTATIONS = YES;
				CLANG_WARN_DIRECT_OBJC_ISA_USAGE = YES_ERROR;
				CLANG_WARN_DOCUMENTATION_COMMENTS = YES;
				CLANG_WARN_EMPTY_BODY = YES;
				CLANG_WARN_ENUM_CONVERSION = YES;
				CLANG_WARN_INFINITE_RECURSION = YES;
				CLANG_WARN_INT_CONVERSION = YES;
				CLANG_WARN_NON_LITERAL_NULL_CONVERSION = YES;
				CLANG_WARN_OBJC_IMPLICIT_RETAIN_SELF = YES;
				CLANG_WARN_OBJC_LITERAL_CONVERSION = YES;
				CLANG_WARN_OBJC_ROOT_CLASS = YES_ERROR;
				CLANG_WARN_QUOTED_INCLUDE_IN_FRAMEWORK_HEADER = YES;
				CLANG_WARN_RANGE_LOOP_ANALYSIS = YES;
				CLANG_WARN_STRICT_PROTOTYPES = YES;
				CLANG_WARN_SUSPICIOUS_MOVE = YES;
				CLANG_WARN_UNGUARDED_AVAILABILITY = YES_AGGRESSIVE;
				CLANG_WARN_UNREACHABLE_CODE = YES;
				CLANG_WARN__DUPLICATE_METHOD_MATCH = YES;
				COPY_PHASE_STRIP = NO;
				DEBUG_INFORMATION_FORMAT = "dwarf-with-dsym";
				ENABLE_NS_ASSERTIONS = NO;
				ENABLE_STRICT_OBJC_MSGSEND = YES;
				ENABLE_USER_SCRIPT_SANDBOXING = YES;
				GCC_C_LANGUAGE_STANDARD = gnu17;
				GCC_NO_COMMON_BLOCKS = YES;
				GCC_WARN_64_TO_32_BIT_CONVERSION = YES;
				GCC_WARN_ABOUT_RETURN_TYPE = YES_ERROR;
				GCC_WARN_UNDECLARED_SELECTOR = YES;
				GCC_WARN_UNINITIALIZED_AUTOS = YES_AGGRESSIVE;
				GCC_WARN_UNUSED_FUNCTION = YES;
				GCC_WARN_UNUSED_VARIABLE = YES;
				IPHONEOS_DEPLOYMENT_TARGET = 18.0;
				LOCALIZATION_PREFERS_STRING_CATALOGS = YES;
				MTL_ENABLE_DEBUG_INFO = NO;
				MTL_FAST_MATH = YES;
				SDKROOT = iphoneos;
				SWIFT_COMPILATION_MODE = wholemodule;
				VALIDATE_PRODUCT = YES;
			};
			name = Release;
		};
		531AFEF12CE7A4FB00D37587 /* Debug */ = {
			isa = XCBuildConfiguration;
			buildSettings = {
				BUNDLE_LOADER = "$(TEST_HOST)";
				CODE_SIGN_STYLE = Automatic;
				CURRENT_PROJECT_VERSION = 1;
				GENERATE_INFOPLIST_FILE = YES;
				IPHONEOS_DEPLOYMENT_TARGET = 18.0;
				MARKETING_VERSION = 1.0;
				PRODUCT_BUNDLE_IDENTIFIER = com.hello.AnimePageTests;
				PRODUCT_NAME = "$(TARGET_NAME)";
				SWIFT_EMIT_LOC_STRINGS = NO;
				SWIFT_VERSION = 5.0;
				TARGETED_DEVICE_FAMILY = "1,2";
				TEST_HOST = "$(BUILT_PRODUCTS_DIR)/AnimePage.app/$(BUNDLE_EXECUTABLE_FOLDER_PATH)/AnimePage";
			};
			name = Debug;
		};
		531AFEF22CE7A4FB00D37587 /* Release */ = {
			isa = XCBuildConfiguration;
			buildSettings = {
				BUNDLE_LOADER = "$(TEST_HOST)";
				CODE_SIGN_STYLE = Automatic;
				CURRENT_PROJECT_VERSION = 1;
				GENERATE_INFOPLIST_FILE = YES;
				IPHONEOS_DEPLOYMENT_TARGET = 18.0;
				MARKETING_VERSION = 1.0;
				PRODUCT_BUNDLE_IDENTIFIER = com.hello.AnimePageTests;
				PRODUCT_NAME = "$(TARGET_NAME)";
				SWIFT_EMIT_LOC_STRINGS = NO;
				SWIFT_VERSION = 5.0;
				TARGETED_DEVICE_FAMILY = "1,2";
				TEST_HOST = "$(BUILT_PRODUCTS_DIR)/AnimePage.app/$(BUNDLE_EXECUTABLE_FOLDER_PATH)/AnimePage";
			};
			name = Release;
		};
		531AFEF42CE7A4FB00D37587 /* Debug */ = {
			isa = XCBuildConfiguration;
			buildSettings = {
				CODE_SIGN_STYLE = Automatic;
				CURRENT_PROJECT_VERSION = 1;
				GENERATE_INFOPLIST_FILE = YES;
				MARKETING_VERSION = 1.0;
				PRODUCT_BUNDLE_IDENTIFIER = com.hello.AnimePageUITests;
				PRODUCT_NAME = "$(TARGET_NAME)";
				SWIFT_EMIT_LOC_STRINGS = NO;
				SWIFT_VERSION = 5.0;
				TARGETED_DEVICE_FAMILY = "1,2";
				TEST_TARGET_NAME = AnimePage;
			};
			name = Debug;
		};
		531AFEF52CE7A4FB00D37587 /* Release */ = {
			isa = XCBuildConfiguration;
			buildSettings = {
				CODE_SIGN_STYLE = Automatic;
				CURRENT_PROJECT_VERSION = 1;
				GENERATE_INFOPLIST_FILE = YES;
				MARKETING_VERSION = 1.0;
				PRODUCT_BUNDLE_IDENTIFIER = com.hello.AnimePageUITests;
				PRODUCT_NAME = "$(TARGET_NAME)";
				SWIFT_EMIT_LOC_STRINGS = NO;
				SWIFT_VERSION = 5.0;
				TARGETED_DEVICE_FAMILY = "1,2";
				TEST_TARGET_NAME = AnimePage;
			};
			name = Release;
		};
/* End XCBuildConfiguration section */

/* Begin XCConfigurationList section */
		531AFEBD2CE7A4F900D37587 /* Build configuration list for PBXProject "AnimePage" */ = {
			isa = XCConfigurationList;
			buildConfigurations = (
				531AFEEE2CE7A4FB00D37587 /* Debug */,
				531AFEEF2CE7A4FB00D37587 /* Release */,
			);
			defaultConfigurationIsVisible = 0;
			defaultConfigurationName = Release;
		};
		531AFEEB2CE7A4FB00D37587 /* Build configuration list for PBXNativeTarget "AnimePage" */ = {
			isa = XCConfigurationList;
			buildConfigurations = (
				531AFEEC2CE7A4FB00D37587 /* Debug */,
				531AFEED2CE7A4FB00D37587 /* Release */,
			);
			defaultConfigurationIsVisible = 0;
			defaultConfigurationName = Release;
		};
		531AFEF02CE7A4FB00D37587 /* Build configuration list for PBXNativeTarget "AnimePageTests" */ = {
			isa = XCConfigurationList;
			buildConfigurations = (
				531AFEF12CE7A4FB00D37587 /* Debug */,
				531AFEF22CE7A4FB00D37587 /* Release */,
			);
			defaultConfigurationIsVisible = 0;
			defaultConfigurationName = Release;
		};
		531AFEF32CE7A4FB00D37587 /* Build configuration list for PBXNativeTarget "AnimePageUITests" */ = {
			isa = XCConfigurationList;
			buildConfigurations = (
				531AFEF42CE7A4FB00D37587 /* Debug */,
				531AFEF52CE7A4FB00D37587 /* Release */,
			);
			defaultConfigurationIsVisible = 0;
			defaultConfigurationName = Release;
		};
/* End XCConfigurationList section */
	};
	rootObject = 531AFEBA2CE7A4F900D37587 /* Project object */;
}
